<Solution>
  <Project Path="src/Dotsider.Core/Dotsider.Core.csproj" />
  <Project Path="src/Dotsider/Dotsider.csproj" />

  <Folder Name="/samples/">
    <Project Path="samples/HelloWorld/HelloWorld.csproj" />
    <Project Path="samples/RichLibrary/RichLibrary.csproj" />
    <Project Path="samples/ComplexApp/ComplexApp.csproj" />
    <Project Path="samples/RichLibraryV2/RichLibraryV2.csproj" />
    <Project Path="samples/MinimalApi/MinimalApi.csproj" />
    <Project Path="samples/NativeLib/NativeLib.csproj" />
    <Project Path="samples/EmptyLib/EmptyLib.csproj" />
  </Folder>

  <Folder Name="/tests/">
    <Project Path="tests/Dotsider.Tests/Dotsider.Tests.csproj" />
  </Folder>

  <Folder Name="/benchmarks/">
    <Project Path="benchmarks/Dotsider.Benchmarks/Dotsider.Benchmarks.csproj" />
  </Folder>
</Solution>
