<Solution>
<Folder Name="/src/">
  <Project Path="src/Dotsider.Core/Dotsider.Core.csproj" />
  <Project Path="src/Dotsider/Dotsider.csproj" />
  <Project Path="src/Dotsider.Mcp/Dotsider.Mcp.csproj" />
  <Project Path="src/Dotsider.Website/Dotsider.Website.csproj" />
  <Project Path="src/Dotsider.DocGenerator/Dotsider.DocGenerator.csproj" />
</Folder>

  <Folder Name="/samples/">
    <Project Path="samples/HelloWorld/HelloWorld.csproj" />
    <Project Path="samples/RichLibrary/RichLibrary.csproj" />
    <Project Path="samples/ComplexApp/ComplexApp.csproj" />
    <Project Path="samples/RichLibraryV2/RichLibraryV2.csproj" />
    <Project Path="samples/MinimalApi/MinimalApi.csproj" />
    <Project Path="samples/NativeLib/NativeLib.csproj" />
    <Project Path="samples/EmptyLib/EmptyLib.csproj" />
    <Project Path="samples/NetFxConsole/NetFxConsole.csproj" />
    <Project Path="samples/NativeAotConsole/NativeAotConsole.csproj" />
    <Project Path="samples/Dotted.Name.App/Dotted.Name.App.csproj" />
    <Project Path="samples/SelfContainedConsole/SelfContainedConsole.csproj" />
    <Project Path="samples/NetFxBindingRedirects/NetFxBindingRedirects.csproj" />
    <Project Path="samples/NetFxBindingRedirects.OldDep/NetFxBindingRedirects.OldDep.csproj" />
    <Project Path="samples/NetFxBindingRedirects.NewDep/NetFxBindingRedirects.NewDep.csproj" />
    <Project Path="samples/NetFxBindingRedirects.PrivatePathLib/NetFxBindingRedirects.PrivatePathLib.csproj" />
    <Project Path="samples/NetFxBindingRedirects.CodeBaseLib/NetFxBindingRedirects.CodeBaseLib.csproj" />
    <Project Path="samples/NetFxBindingRedirects.CulturedLib/NetFxBindingRedirects.CulturedLib.csproj" />
    <Project Path="samples/NetFxBindingRedirects.Clr2/NetFxBindingRedirects.Clr2.csproj" />
    <Project Path="samples/NetFxBindingRedirects.Clr2.SharedDep.V1/NetFxBindingRedirects.Clr2.SharedDep.V1.csproj" />
    <Project Path="samples/NetFxBindingRedirects.Clr2.SharedDep.V2/NetFxBindingRedirects.Clr2.SharedDep.V2.csproj" />
    <Project Path="samples/NetFxBindingRedirects.Clr2.UsesSharedV1/NetFxBindingRedirects.Clr2.UsesSharedV1.csproj" />
    <Project Path="samples/NetFxBindingRedirects.Clr2.UsesSharedV2/NetFxBindingRedirects.Clr2.UsesSharedV2.csproj" />
    <Project Path="samples/NetFxBindingRedirects.Clr2.PrivatePathLib/NetFxBindingRedirects.Clr2.PrivatePathLib.csproj" />
    <Project Path="samples/NetFxBindingRedirects.Clr2.CodeBaseLib/NetFxBindingRedirects.Clr2.CodeBaseLib.csproj" />
    <Project Path="samples/NetFxBindingRedirects.Clr2.CulturedLib/NetFxBindingRedirects.Clr2.CulturedLib.csproj" />
  </Folder>

  <Folder Name="/tests/">
    <Project Path="tests/Dotsider.Tests/Dotsider.Tests.csproj" />
    <Project Path="tests/Dotsider.Mcp.Tests/Dotsider.Mcp.Tests.csproj" />
    <Project Path="tests/Dotsider.Website.Tests/Dotsider.Website.Tests.csproj" />
  </Folder>

  <Folder Name="/benchmarks/">
    <Project Path="benchmarks/Dotsider.Benchmarks/Dotsider.Benchmarks.csproj" />
  </Folder>
</Solution>
